
Microsoft Visual Studio Solution File, Format Version 12.00
# Visual Studio Version 17
VisualStudioVersion = 17.11.35312.102
MinimumVisualStudioVersion = 10.0.40219.1
Project("{FAE04EC0-301F-11D3-BF4B-00C04F79EFBC}") = "TRKRUN", "TRKRUN\TRKRUN.csproj", "{54ADAD80-4B80-4079-961A-429099ED56B1}"
EndProject
Global
	GlobalSection(SolutionConfigurationPlatforms) = preSolution
		Debug|Any CPU = Debug|Any CPU
		Release|Any CPU = Release|Any CPU
	EndGlobalSection
	GlobalSection(ProjectConfigurationPlatforms) = postSolution
		{54ADAD80-4B80-4079-961A-429099ED56B1}.Debug|Any CPU.ActiveCfg = Debug|Any CPU
		{54ADAD80-4B80-4079-961A-429099ED56B1}.Debug|Any CPU.Build.0 = Debug|Any CPU
		{54ADAD80-4B80-4079-961A-429099ED56B1}.Release|Any CPU.ActiveCfg = Release|Any CPU
		{54ADAD80-4B80-4079-961A-429099ED56B1}.Release|Any CPU.Build.0 = Release|Any CPU
	EndGlobalSection
	GlobalSection(SolutionProperties) = preSolution
		HideSolutionNode = FALSE
	EndGlobalSection
	GlobalSection(ExtensibilityGlobals) = postSolution
		SolutionGuid = {B90A0036-752F-4287-8D0B-ADF39E0AB591}
	EndGlobalSection
EndGlobal
